{
  "version": 4,
  "terraform_version": "0.13.5",
  "serial": 22,
  "lineage": "d57e9571-ec4b-7c55-670f-1347b82b4a15",
  "outputs": {},
  "resources": [
    {
      "mode": "managed",
      "type": "aws_s3_bucket",
      "name": "tf-state",
      "provider": "provider[\"registry.terraform.io/hashicorp/aws\"]",
      "instances": [
        {
          "schema_version": 0,
          "attributes": {
            "acceleration_status": "",
            "acl": "private",
            "arn": "arn:aws:s3:::tf-state-caltuco",
            "bucket": "tf-state-caltuco",
            "bucket_domain_name": "tf-state-caltuco.s3.amazonaws.com",
            "bucket_prefix": null,
            "bucket_regional_domain_name": "tf-state-caltuco.s3.amazonaws.com",
            "cors_rule": [],
            "force_destroy": false,
            "grant": [],
            "hosted_zone_id": "Z3AQBSTGFYJSTF",
            "id": "tf-state-caltuco",
            "lifecycle_rule": [],
            "logging": [],
            "object_lock_configuration": [],
            "policy": null,
            "region": "us-east-1",
            "replication_configuration": [],
            "request_payer": "BucketOwner",
            "server_side_encryption_configuration": [
              {
                "rule": [
                  {
                    "apply_server_side_encryption_by_default": [
                      {
                        "kms_master_key_id": "",
                        "sse_algorithm": "AES256"
                      }
                    ],
                    "bucket_key_enabled": false
                  }
                ]
              }
            ],
            "tags": {
              "Environment": "dev",
              "Terraform": "yes"
            },
            "tags_all": {
              "Environment": "dev",
              "Terraform": "yes"
            },
            "versioning": [
              {
                "enabled": true,
                "mfa_delete": false
              }
            ],
            "website": [],
            "website_domain": null,
            "website_endpoint": null
          }
        }
      ]
    }
  ]
}
